// !$*UTF8*$!
{
	archiveVersion = 1;
	classes = {
	};
	objectVersion = 51;
	objects = {

/* Begin PBXBuildFile section */
		2C9EF8C9E32B8080FFEDB5EA /* Pods_fbu_appUITests.framework in Frameworks */ = {isa = PBXBuildFile; fileRef = 9ACABEB17CBA90FA88762331 /* Pods_fbu_appUITests.framework */; };
		2FE7527FC2652EE81392E8AA /* Pods_fbu_appTests.framework in Frameworks */ = {isa = PBXBuildFile; fileRef = F897F31FD7CDA5199E2D8C59 /* Pods_fbu_appTests.framework */; };
		53E8D164E2B20B3474018D41 /* Pods_fbu_app.framework in Frameworks */ = {isa = PBXBuildFile; fileRef = FF11A48580BE19DA3BF44E01 /* Pods_fbu_app.framework */; };
		640603BA22DE94BB00C24301 /* User.m in Sources */ = {isa = PBXBuildFile; fileRef = 640603B922DE94BB00C24301 /* User.m */; };
		640603BD22E1146500C24301 /* DetailsViewController.m in Sources */ = {isa = PBXBuildFile; fileRef = 640603BC22E1146500C24301 /* DetailsViewController.m */; };
		6429400022E26F7F00961F29 /* Request.m in Sources */ = {isa = PBXBuildFile; fileRef = 64293FFF22E26F7F00961F29 /* Request.m */; };
		6429400322E277D600961F29 /* RequestsViewController.m in Sources */ = {isa = PBXBuildFile; fileRef = 6429400222E277D600961F29 /* RequestsViewController.m */; };
		6429400622E2781200961F29 /* RequestCell.m in Sources */ = {isa = PBXBuildFile; fileRef = 6429400522E2781200961F29 /* RequestCell.m */; };
		645088BF22EA788400319C93 /* LeftViewController.m in Sources */ = {isa = PBXBuildFile; fileRef = 645088BE22EA788400319C93 /* LeftViewController.m */; };
		645088C322EA7B2800319C93 /* LeftViewCell.m in Sources */ = {isa = PBXBuildFile; fileRef = 645088C222EA7B2800319C93 /* LeftViewCell.m */; };
		645088C722EA827300319C93 /* MainViewController.m in Sources */ = {isa = PBXBuildFile; fileRef = 645088C622EA827300319C93 /* MainViewController.m */; };
		645088C922EB987000319C93 /* PostSearch.storyboard in Resources */ = {isa = PBXBuildFile; fileRef = 645088C822EB987000319C93 /* PostSearch.storyboard */; };
		645088D822EBA29F00319C93 /* CalendarCell.m in Sources */ = {isa = PBXBuildFile; fileRef = 645088D722EBA29F00319C93 /* CalendarCell.m */; };
		645088DB22EBA2BB00319C93 /* CalendarViewController.m in Sources */ = {isa = PBXBuildFile; fileRef = 645088DA22EBA2BB00319C93 /* CalendarViewController.m */; };
		6497FFAF22E28B5D002D1996 /* RulesViewController.m in Sources */ = {isa = PBXBuildFile; fileRef = 6497FFAE22E28B5D002D1996 /* RulesViewController.m */; };
		6497FFB322E61EFA002D1996 /* SentRequestsViewController.m in Sources */ = {isa = PBXBuildFile; fileRef = 6497FFB222E61EFA002D1996 /* SentRequestsViewController.m */; };
		6497FFB622E61F17002D1996 /* SentRequestsCell.m in Sources */ = {isa = PBXBuildFile; fileRef = 6497FFB522E61F17002D1996 /* SentRequestsCell.m */; };
		64BBF3D222DE406100FCCABD /* RoommateCell.m in Sources */ = {isa = PBXBuildFile; fileRef = 64BBF3D122DE406100FCCABD /* RoommateCell.m */; };
		7705B04A22EA4FB600F59BCF /* ModifyHouseViewController.m in Sources */ = {isa = PBXBuildFile; fileRef = 7705B04922EA4FB600F59BCF /* ModifyHouseViewController.m */; };
		7705B04D22EA592500F59BCF /* AddHousemateViewController.m in Sources */ = {isa = PBXBuildFile; fileRef = 7705B04C22EA592500F59BCF /* AddHousemateViewController.m */; };
		774B123222E62954000764BD /* PlainRoomateCell.m in Sources */ = {isa = PBXBuildFile; fileRef = 774B123122E62954000764BD /* PlainRoomateCell.m */; };
		7794308022DE7E2A00D9FDDA /* House.m in Sources */ = {isa = PBXBuildFile; fileRef = 7794307F22DE7E2A00D9FDDA /* House.m */; };
		7794308322DE8F1A00D9FDDA /* RuleCell.m in Sources */ = {isa = PBXBuildFile; fileRef = 7794308222DE8F1A00D9FDDA /* RuleCell.m */; };
		85729DB822E141B7009AD717 /* LocationCell.m in Sources */ = {isa = PBXBuildFile; fileRef = 85729DB722E141B7009AD717 /* LocationCell.m */; };
		85729DBE22E62A59009AD717 /* CustomTextField.m in Sources */ = {isa = PBXBuildFile; fileRef = 85729DBD22E62A59009AD717 /* CustomTextField.m */; };
		85729DC122E62ED5009AD717 /* CustomButton.m in Sources */ = {isa = PBXBuildFile; fileRef = 85729DC022E62ED5009AD717 /* CustomButton.m */; };
		85729DC422E652A7009AD717 /* CustomLabel.m in Sources */ = {isa = PBXBuildFile; fileRef = 85729DC322E652A7009AD717 /* CustomLabel.m */; };
		85729DCA22E76EFA009AD717 /* Reminder.m in Sources */ = {isa = PBXBuildFile; fileRef = 85729DC922E76EFA009AD717 /* Reminder.m */; };
		85CB809F22EA20000070AC4E /* Persona.m in Sources */ = {isa = PBXBuildFile; fileRef = 85CB809E22EA20000070AC4E /* Persona.m */; };
		85CB80A522EA4E010070AC4E /* ReminderViewController.m in Sources */ = {isa = PBXBuildFile; fileRef = 85CB80A422EA4E010070AC4E /* ReminderViewController.m */; };
		85CB80A822EA5AD60070AC4E /* ReminderCell.m in Sources */ = {isa = PBXBuildFile; fileRef = 85CB80A722EA5AD60070AC4E /* ReminderCell.m */; };
		85CB80AB22EA80CC0070AC4E /* ComposeReminderViewController.m in Sources */ = {isa = PBXBuildFile; fileRef = 85CB80AA22EA80CC0070AC4E /* ComposeReminderViewController.m */; };
		85E7A14022DD214D006C1F38 /* AppDelegate.m in Sources */ = {isa = PBXBuildFile; fileRef = 85E7A13F22DD214D006C1F38 /* AppDelegate.m */; };
		85E7A14322DD214D006C1F38 /* TimelineViewController.m in Sources */ = {isa = PBXBuildFile; fileRef = 85E7A14222DD214D006C1F38 /* TimelineViewController.m */; };
		85E7A14622DD214D006C1F38 /* Main.storyboard in Resources */ = {isa = PBXBuildFile; fileRef = 85E7A14422DD214D006C1F38 /* Main.storyboard */; };
		85E7A14822DD214E006C1F38 /* Assets.xcassets in Resources */ = {isa = PBXBuildFile; fileRef = 85E7A14722DD214E006C1F38 /* Assets.xcassets */; };
		85E7A14B22DD214E006C1F38 /* LaunchScreen.storyboard in Resources */ = {isa = PBXBuildFile; fileRef = 85E7A14922DD214E006C1F38 /* LaunchScreen.storyboard */; };
		85E7A14E22DD214E006C1F38 /* main.m in Sources */ = {isa = PBXBuildFile; fileRef = 85E7A14D22DD214E006C1F38 /* main.m */; };
		85E7A15822DD214E006C1F38 /* fbu_appTests.m in Sources */ = {isa = PBXBuildFile; fileRef = 85E7A15722DD214E006C1F38 /* fbu_appTests.m */; };
		85E7A16322DD214E006C1F38 /* fbu_appUITests.m in Sources */ = {isa = PBXBuildFile; fileRef = 85E7A16222DD214E006C1F38 /* fbu_appUITests.m */; };
		85E7A17822DE3B24006C1F38 /* RegisterViewController.m in Sources */ = {isa = PBXBuildFile; fileRef = 85E7A17722DE3B24006C1F38 /* RegisterViewController.m */; };
		85E7A17B22DE8060006C1F38 /* SettingsViewController.m in Sources */ = {isa = PBXBuildFile; fileRef = 85E7A17A22DE8060006C1F38 /* SettingsViewController.m */; };
		85E7A18122DF9217006C1F38 /* LogInViewController.m in Sources */ = {isa = PBXBuildFile; fileRef = 85E7A18022DF9217006C1F38 /* LogInViewController.m */; };
		85E7A18422DF9DA1006C1F38 /* LocationViewController.m in Sources */ = {isa = PBXBuildFile; fileRef = 85E7A18322DF9DA1006C1F38 /* LocationViewController.m */; };
		85E7A18A22DFD3F2006C1F38 /* PreferencesViewController.m in Sources */ = {isa = PBXBuildFile; fileRef = 85E7A18922DFD3F2006C1F38 /* PreferencesViewController.m */; };
		85E7A19022DFDDF1006C1F38 /* PreferenceCell.m in Sources */ = {isa = PBXBuildFile; fileRef = 85E7A18F22DFDDF1006C1F38 /* PreferenceCell.m */; };
/* End PBXBuildFile section */

/* Begin PBXContainerItemProxy section */
		85E7A15422DD214E006C1F38 /* PBXContainerItemProxy */ = {
			isa = PBXContainerItemProxy;
			containerPortal = 85E7A13322DD214C006C1F38 /* Project object */;
			proxyType = 1;
			remoteGlobalIDString = 85E7A13A22DD214D006C1F38;
			remoteInfo = "fbu-app";
		};
		85E7A15F22DD214E006C1F38 /* PBXContainerItemProxy */ = {
			isa = PBXContainerItemProxy;
			containerPortal = 85E7A13322DD214C006C1F38 /* Project object */;
			proxyType = 1;
			remoteGlobalIDString = 85E7A13A22DD214D006C1F38;
			remoteInfo = "fbu-app";
		};
/* End PBXContainerItemProxy section */

/* Begin PBXFileReference section */
		0EE81797B7475BB3DA75125D /* Pods-fbu-appTests.debug.xcconfig */ = {isa = PBXFileReference; includeInIndex = 1; lastKnownFileType = text.xcconfig; name = "Pods-fbu-appTests.debug.xcconfig"; path = "Target Support Files/Pods-fbu-appTests/Pods-fbu-appTests.debug.xcconfig"; sourceTree = "<group>"; };
		100E7376EC9FCC2D38D30A07 /* Pods-fbu-appUITests.release.xcconfig */ = {isa = PBXFileReference; includeInIndex = 1; lastKnownFileType = text.xcconfig; name = "Pods-fbu-appUITests.release.xcconfig"; path = "Target Support Files/Pods-fbu-appUITests/Pods-fbu-appUITests.release.xcconfig"; sourceTree = "<group>"; };
		2796DB930A76B5A6DE33E60A /* Pods-fbu-appTests.release.xcconfig */ = {isa = PBXFileReference; includeInIndex = 1; lastKnownFileType = text.xcconfig; name = "Pods-fbu-appTests.release.xcconfig"; path = "Target Support Files/Pods-fbu-appTests/Pods-fbu-appTests.release.xcconfig"; sourceTree = "<group>"; };
		4EF909454152FB75BC0B3A70 /* Pods-fbu-app.release.xcconfig */ = {isa = PBXFileReference; includeInIndex = 1; lastKnownFileType = text.xcconfig; name = "Pods-fbu-app.release.xcconfig"; path = "Target Support Files/Pods-fbu-app/Pods-fbu-app.release.xcconfig"; sourceTree = "<group>"; };
		6289A0F149C268B67DEB7B98 /* Pods-fbu-appUITests.debug.xcconfig */ = {isa = PBXFileReference; includeInIndex = 1; lastKnownFileType = text.xcconfig; name = "Pods-fbu-appUITests.debug.xcconfig"; path = "Target Support Files/Pods-fbu-appUITests/Pods-fbu-appUITests.debug.xcconfig"; sourceTree = "<group>"; };
		640603B822DE94BB00C24301 /* User.h */ = {isa = PBXFileReference; lastKnownFileType = sourcecode.c.h; path = User.h; sourceTree = "<group>"; };
		640603B922DE94BB00C24301 /* User.m */ = {isa = PBXFileReference; lastKnownFileType = sourcecode.c.objc; path = User.m; sourceTree = "<group>"; };
		640603BB22E1146500C24301 /* DetailsViewController.h */ = {isa = PBXFileReference; lastKnownFileType = sourcecode.c.h; path = DetailsViewController.h; sourceTree = "<group>"; };
		640603BC22E1146500C24301 /* DetailsViewController.m */ = {isa = PBXFileReference; lastKnownFileType = sourcecode.c.objc; path = DetailsViewController.m; sourceTree = "<group>"; };
		64293FFE22E26F7F00961F29 /* Request.h */ = {isa = PBXFileReference; lastKnownFileType = sourcecode.c.h; path = Request.h; sourceTree = "<group>"; };
		64293FFF22E26F7F00961F29 /* Request.m */ = {isa = PBXFileReference; lastKnownFileType = sourcecode.c.objc; path = Request.m; sourceTree = "<group>"; };
		6429400122E277D600961F29 /* RequestsViewController.h */ = {isa = PBXFileReference; lastKnownFileType = sourcecode.c.h; path = RequestsViewController.h; sourceTree = "<group>"; };
		6429400222E277D600961F29 /* RequestsViewController.m */ = {isa = PBXFileReference; lastKnownFileType = sourcecode.c.objc; path = RequestsViewController.m; sourceTree = "<group>"; };
		6429400422E2781200961F29 /* RequestCell.h */ = {isa = PBXFileReference; lastKnownFileType = sourcecode.c.h; path = RequestCell.h; sourceTree = "<group>"; };
		6429400522E2781200961F29 /* RequestCell.m */ = {isa = PBXFileReference; lastKnownFileType = sourcecode.c.objc; path = RequestCell.m; sourceTree = "<group>"; };
		645088BD22EA788400319C93 /* LeftViewController.h */ = {isa = PBXFileReference; lastKnownFileType = sourcecode.c.h; path = LeftViewController.h; sourceTree = "<group>"; };
		645088BE22EA788400319C93 /* LeftViewController.m */ = {isa = PBXFileReference; lastKnownFileType = sourcecode.c.objc; path = LeftViewController.m; sourceTree = "<group>"; };
		645088C122EA7B2800319C93 /* LeftViewCell.h */ = {isa = PBXFileReference; lastKnownFileType = sourcecode.c.h; path = LeftViewCell.h; sourceTree = "<group>"; };
		645088C222EA7B2800319C93 /* LeftViewCell.m */ = {isa = PBXFileReference; lastKnownFileType = sourcecode.c.objc; path = LeftViewCell.m; sourceTree = "<group>"; };
		645088C522EA827300319C93 /* MainViewController.h */ = {isa = PBXFileReference; lastKnownFileType = sourcecode.c.h; path = MainViewController.h; sourceTree = "<group>"; };
		645088C622EA827300319C93 /* MainViewController.m */ = {isa = PBXFileReference; lastKnownFileType = sourcecode.c.objc; path = MainViewController.m; sourceTree = "<group>"; };
		645088C822EB987000319C93 /* PostSearch.storyboard */ = {isa = PBXFileReference; lastKnownFileType = file.storyboard; path = PostSearch.storyboard; sourceTree = "<group>"; };
		645088D622EBA29F00319C93 /* CalendarCell.h */ = {isa = PBXFileReference; lastKnownFileType = sourcecode.c.h; path = CalendarCell.h; sourceTree = "<group>"; };
		645088D722EBA29F00319C93 /* CalendarCell.m */ = {isa = PBXFileReference; lastKnownFileType = sourcecode.c.objc; path = CalendarCell.m; sourceTree = "<group>"; };
		645088D922EBA2BB00319C93 /* CalendarViewController.h */ = {isa = PBXFileReference; lastKnownFileType = sourcecode.c.h; path = CalendarViewController.h; sourceTree = "<group>"; };
		645088DA22EBA2BB00319C93 /* CalendarViewController.m */ = {isa = PBXFileReference; lastKnownFileType = sourcecode.c.objc; path = CalendarViewController.m; sourceTree = "<group>"; };
		6497FFAD22E28B5D002D1996 /* RulesViewController.h */ = {isa = PBXFileReference; lastKnownFileType = sourcecode.c.h; path = RulesViewController.h; sourceTree = "<group>"; };
		6497FFAE22E28B5D002D1996 /* RulesViewController.m */ = {isa = PBXFileReference; lastKnownFileType = sourcecode.c.objc; path = RulesViewController.m; sourceTree = "<group>"; };
		6497FFB122E61EFA002D1996 /* SentRequestsViewController.h */ = {isa = PBXFileReference; lastKnownFileType = sourcecode.c.h; path = SentRequestsViewController.h; sourceTree = "<group>"; };
		6497FFB222E61EFA002D1996 /* SentRequestsViewController.m */ = {isa = PBXFileReference; lastKnownFileType = sourcecode.c.objc; path = SentRequestsViewController.m; sourceTree = "<group>"; };
		6497FFB422E61F17002D1996 /* SentRequestsCell.h */ = {isa = PBXFileReference; lastKnownFileType = sourcecode.c.h; path = SentRequestsCell.h; sourceTree = "<group>"; };
		6497FFB522E61F17002D1996 /* SentRequestsCell.m */ = {isa = PBXFileReference; lastKnownFileType = sourcecode.c.objc; path = SentRequestsCell.m; sourceTree = "<group>"; };
		64BBF3D022DE406100FCCABD /* RoommateCell.h */ = {isa = PBXFileReference; lastKnownFileType = sourcecode.c.h; path = RoommateCell.h; sourceTree = "<group>"; };
		64BBF3D122DE406100FCCABD /* RoommateCell.m */ = {isa = PBXFileReference; lastKnownFileType = sourcecode.c.objc; path = RoommateCell.m; sourceTree = "<group>"; };
		7705B04822EA4FB600F59BCF /* ModifyHouseViewController.h */ = {isa = PBXFileReference; lastKnownFileType = sourcecode.c.h; path = ModifyHouseViewController.h; sourceTree = "<group>"; };
		7705B04922EA4FB600F59BCF /* ModifyHouseViewController.m */ = {isa = PBXFileReference; lastKnownFileType = sourcecode.c.objc; path = ModifyHouseViewController.m; sourceTree = "<group>"; };
		7705B04B22EA592500F59BCF /* AddHousemateViewController.h */ = {isa = PBXFileReference; lastKnownFileType = sourcecode.c.h; path = AddHousemateViewController.h; sourceTree = "<group>"; };
		7705B04C22EA592500F59BCF /* AddHousemateViewController.m */ = {isa = PBXFileReference; lastKnownFileType = sourcecode.c.objc; path = AddHousemateViewController.m; sourceTree = "<group>"; };
		774B123022E62954000764BD /* PlainRoomateCell.h */ = {isa = PBXFileReference; lastKnownFileType = sourcecode.c.h; path = PlainRoomateCell.h; sourceTree = "<group>"; };
		774B123122E62954000764BD /* PlainRoomateCell.m */ = {isa = PBXFileReference; lastKnownFileType = sourcecode.c.objc; path = PlainRoomateCell.m; sourceTree = "<group>"; };
		7794307E22DE7E2A00D9FDDA /* House.h */ = {isa = PBXFileReference; lastKnownFileType = sourcecode.c.h; path = House.h; sourceTree = "<group>"; };
		7794307F22DE7E2A00D9FDDA /* House.m */ = {isa = PBXFileReference; lastKnownFileType = sourcecode.c.objc; path = House.m; sourceTree = "<group>"; };
		7794308122DE8F1A00D9FDDA /* RuleCell.h */ = {isa = PBXFileReference; lastKnownFileType = sourcecode.c.h; path = RuleCell.h; sourceTree = "<group>"; };
		7794308222DE8F1A00D9FDDA /* RuleCell.m */ = {isa = PBXFileReference; lastKnownFileType = sourcecode.c.objc; path = RuleCell.m; sourceTree = "<group>"; };
		7ED3B7321C7E323E198D1E22 /* Pods-fbu-app.debug.xcconfig */ = {isa = PBXFileReference; includeInIndex = 1; lastKnownFileType = text.xcconfig; name = "Pods-fbu-app.debug.xcconfig"; path = "Target Support Files/Pods-fbu-app/Pods-fbu-app.debug.xcconfig"; sourceTree = "<group>"; };
		85729DB622E141B7009AD717 /* LocationCell.h */ = {isa = PBXFileReference; lastKnownFileType = sourcecode.c.h; path = LocationCell.h; sourceTree = "<group>"; };
		85729DB722E141B7009AD717 /* LocationCell.m */ = {isa = PBXFileReference; lastKnownFileType = sourcecode.c.objc; path = LocationCell.m; sourceTree = "<group>"; };
		85729DBC22E62A59009AD717 /* CustomTextField.h */ = {isa = PBXFileReference; lastKnownFileType = sourcecode.c.h; path = CustomTextField.h; sourceTree = "<group>"; };
		85729DBD22E62A59009AD717 /* CustomTextField.m */ = {isa = PBXFileReference; lastKnownFileType = sourcecode.c.objc; path = CustomTextField.m; sourceTree = "<group>"; };
		85729DBF22E62ED5009AD717 /* CustomButton.h */ = {isa = PBXFileReference; lastKnownFileType = sourcecode.c.h; path = CustomButton.h; sourceTree = "<group>"; };
		85729DC022E62ED5009AD717 /* CustomButton.m */ = {isa = PBXFileReference; lastKnownFileType = sourcecode.c.objc; path = CustomButton.m; sourceTree = "<group>"; };
		85729DC222E652A7009AD717 /* CustomLabel.h */ = {isa = PBXFileReference; lastKnownFileType = sourcecode.c.h; path = CustomLabel.h; sourceTree = "<group>"; };
		85729DC322E652A7009AD717 /* CustomLabel.m */ = {isa = PBXFileReference; lastKnownFileType = sourcecode.c.objc; path = CustomLabel.m; sourceTree = "<group>"; };
		85729DC822E76EFA009AD717 /* Reminder.h */ = {isa = PBXFileReference; lastKnownFileType = sourcecode.c.h; path = Reminder.h; sourceTree = "<group>"; };
		85729DC922E76EFA009AD717 /* Reminder.m */ = {isa = PBXFileReference; lastKnownFileType = sourcecode.c.objc; path = Reminder.m; sourceTree = "<group>"; };
		85CB809E22EA20000070AC4E /* Persona.m */ = {isa = PBXFileReference; lastKnownFileType = sourcecode.c.objc; path = Persona.m; sourceTree = "<group>"; };
		85CB80A022EA20340070AC4E /* Persona.h */ = {isa = PBXFileReference; fileEncoding = 4; lastKnownFileType = sourcecode.c.h; path = Persona.h; sourceTree = "<group>"; };
		85CB80A322EA4E010070AC4E /* ReminderViewController.h */ = {isa = PBXFileReference; lastKnownFileType = sourcecode.c.h; path = ReminderViewController.h; sourceTree = "<group>"; };
		85CB80A422EA4E010070AC4E /* ReminderViewController.m */ = {isa = PBXFileReference; lastKnownFileType = sourcecode.c.objc; path = ReminderViewController.m; sourceTree = "<group>"; };
		85CB80A622EA5AD60070AC4E /* ReminderCell.h */ = {isa = PBXFileReference; lastKnownFileType = sourcecode.c.h; path = ReminderCell.h; sourceTree = "<group>"; };
		85CB80A722EA5AD60070AC4E /* ReminderCell.m */ = {isa = PBXFileReference; lastKnownFileType = sourcecode.c.objc; path = ReminderCell.m; sourceTree = "<group>"; };
		85CB80A922EA80CC0070AC4E /* ComposeReminderViewController.h */ = {isa = PBXFileReference; lastKnownFileType = sourcecode.c.h; path = ComposeReminderViewController.h; sourceTree = "<group>"; };
		85CB80AA22EA80CC0070AC4E /* ComposeReminderViewController.m */ = {isa = PBXFileReference; lastKnownFileType = sourcecode.c.objc; path = ComposeReminderViewController.m; sourceTree = "<group>"; };
		85E7A13B22DD214D006C1F38 /* fbu-app.app */ = {isa = PBXFileReference; explicitFileType = wrapper.application; includeInIndex = 0; path = "fbu-app.app"; sourceTree = BUILT_PRODUCTS_DIR; };
		85E7A13E22DD214D006C1F38 /* AppDelegate.h */ = {isa = PBXFileReference; lastKnownFileType = sourcecode.c.h; path = AppDelegate.h; sourceTree = "<group>"; };
		85E7A13F22DD214D006C1F38 /* AppDelegate.m */ = {isa = PBXFileReference; lastKnownFileType = sourcecode.c.objc; path = AppDelegate.m; sourceTree = "<group>"; };
		85E7A14122DD214D006C1F38 /* TimelineViewController.h */ = {isa = PBXFileReference; lastKnownFileType = sourcecode.c.h; path = TimelineViewController.h; sourceTree = "<group>"; };
		85E7A14222DD214D006C1F38 /* TimelineViewController.m */ = {isa = PBXFileReference; lastKnownFileType = sourcecode.c.objc; path = TimelineViewController.m; sourceTree = "<group>"; };
		85E7A14522DD214D006C1F38 /* Base */ = {isa = PBXFileReference; lastKnownFileType = file.storyboard; name = Base; path = Base.lproj/Main.storyboard; sourceTree = "<group>"; };
		85E7A14722DD214E006C1F38 /* Assets.xcassets */ = {isa = PBXFileReference; lastKnownFileType = folder.assetcatalog; path = Assets.xcassets; sourceTree = "<group>"; };
		85E7A14A22DD214E006C1F38 /* Base */ = {isa = PBXFileReference; lastKnownFileType = file.storyboard; name = Base; path = Base.lproj/LaunchScreen.storyboard; sourceTree = "<group>"; };
		85E7A14C22DD214E006C1F38 /* Info.plist */ = {isa = PBXFileReference; lastKnownFileType = text.plist.xml; path = Info.plist; sourceTree = "<group>"; };
		85E7A14D22DD214E006C1F38 /* main.m */ = {isa = PBXFileReference; lastKnownFileType = sourcecode.c.objc; path = main.m; sourceTree = "<group>"; };
		85E7A15322DD214E006C1F38 /* fbu-appTests.xctest */ = {isa = PBXFileReference; explicitFileType = wrapper.cfbundle; includeInIndex = 0; path = "fbu-appTests.xctest"; sourceTree = BUILT_PRODUCTS_DIR; };
		85E7A15722DD214E006C1F38 /* fbu_appTests.m */ = {isa = PBXFileReference; lastKnownFileType = sourcecode.c.objc; path = fbu_appTests.m; sourceTree = "<group>"; };
		85E7A15922DD214E006C1F38 /* Info.plist */ = {isa = PBXFileReference; lastKnownFileType = text.plist.xml; path = Info.plist; sourceTree = "<group>"; };
		85E7A15E22DD214E006C1F38 /* fbu-appUITests.xctest */ = {isa = PBXFileReference; explicitFileType = wrapper.cfbundle; includeInIndex = 0; path = "fbu-appUITests.xctest"; sourceTree = BUILT_PRODUCTS_DIR; };
		85E7A16222DD214E006C1F38 /* fbu_appUITests.m */ = {isa = PBXFileReference; lastKnownFileType = sourcecode.c.objc; path = fbu_appUITests.m; sourceTree = "<group>"; };
		85E7A16422DD214E006C1F38 /* Info.plist */ = {isa = PBXFileReference; lastKnownFileType = text.plist.xml; path = Info.plist; sourceTree = "<group>"; };
		85E7A17622DE3B24006C1F38 /* RegisterViewController.h */ = {isa = PBXFileReference; lastKnownFileType = sourcecode.c.h; path = RegisterViewController.h; sourceTree = "<group>"; };
		85E7A17722DE3B24006C1F38 /* RegisterViewController.m */ = {isa = PBXFileReference; lastKnownFileType = sourcecode.c.objc; path = RegisterViewController.m; sourceTree = "<group>"; };
		85E7A17922DE8060006C1F38 /* SettingsViewController.h */ = {isa = PBXFileReference; lastKnownFileType = sourcecode.c.h; path = SettingsViewController.h; sourceTree = "<group>"; };
		85E7A17A22DE8060006C1F38 /* SettingsViewController.m */ = {isa = PBXFileReference; lastKnownFileType = sourcecode.c.objc; path = SettingsViewController.m; sourceTree = "<group>"; };
		85E7A17F22DF9217006C1F38 /* LogInViewController.h */ = {isa = PBXFileReference; lastKnownFileType = sourcecode.c.h; path = LogInViewController.h; sourceTree = "<group>"; };
		85E7A18022DF9217006C1F38 /* LogInViewController.m */ = {isa = PBXFileReference; lastKnownFileType = sourcecode.c.objc; path = LogInViewController.m; sourceTree = "<group>"; };
		85E7A18222DF9DA1006C1F38 /* LocationViewController.h */ = {isa = PBXFileReference; lastKnownFileType = sourcecode.c.h; path = LocationViewController.h; sourceTree = "<group>"; };
		85E7A18322DF9DA1006C1F38 /* LocationViewController.m */ = {isa = PBXFileReference; lastKnownFileType = sourcecode.c.objc; path = LocationViewController.m; sourceTree = "<group>"; };
		85E7A18822DFD3F2006C1F38 /* PreferencesViewController.h */ = {isa = PBXFileReference; lastKnownFileType = sourcecode.c.h; path = PreferencesViewController.h; sourceTree = "<group>"; };
		85E7A18922DFD3F2006C1F38 /* PreferencesViewController.m */ = {isa = PBXFileReference; lastKnownFileType = sourcecode.c.objc; path = PreferencesViewController.m; sourceTree = "<group>"; };
		85E7A18E22DFDDF1006C1F38 /* PreferenceCell.h */ = {isa = PBXFileReference; lastKnownFileType = sourcecode.c.h; path = PreferenceCell.h; sourceTree = "<group>"; };
		85E7A18F22DFDDF1006C1F38 /* PreferenceCell.m */ = {isa = PBXFileReference; lastKnownFileType = sourcecode.c.objc; path = PreferenceCell.m; sourceTree = "<group>"; };
		9ACABEB17CBA90FA88762331 /* Pods_fbu_appUITests.framework */ = {isa = PBXFileReference; explicitFileType = wrapper.framework; includeInIndex = 0; path = Pods_fbu_appUITests.framework; sourceTree = BUILT_PRODUCTS_DIR; };
		F897F31FD7CDA5199E2D8C59 /* Pods_fbu_appTests.framework */ = {isa = PBXFileReference; explicitFileType = wrapper.framework; includeInIndex = 0; path = Pods_fbu_appTests.framework; sourceTree = BUILT_PRODUCTS_DIR; };
		FF11A48580BE19DA3BF44E01 /* Pods_fbu_app.framework */ = {isa = PBXFileReference; explicitFileType = wrapper.framework; includeInIndex = 0; path = Pods_fbu_app.framework; sourceTree = BUILT_PRODUCTS_DIR; };
/* End PBXFileReference section */

/* Begin PBXFrameworksBuildPhase section */
		85E7A13822DD214D006C1F38 /* Frameworks */ = {
			isa = PBXFrameworksBuildPhase;
			buildActionMask = 2147483647;
			files = (
				53E8D164E2B20B3474018D41 /* Pods_fbu_app.framework in Frameworks */,
			);
			runOnlyForDeploymentPostprocessing = 0;
		};
		85E7A15022DD214E006C1F38 /* Frameworks */ = {
			isa = PBXFrameworksBuildPhase;
			buildActionMask = 2147483647;
			files = (
				2FE7527FC2652EE81392E8AA /* Pods_fbu_appTests.framework in Frameworks */,
			);
			runOnlyForDeploymentPostprocessing = 0;
		};
		85E7A15B22DD214E006C1F38 /* Frameworks */ = {
			isa = PBXFrameworksBuildPhase;
			buildActionMask = 2147483647;
			files = (
				2C9EF8C9E32B8080FFEDB5EA /* Pods_fbu_appUITests.framework in Frameworks */,
			);
			runOnlyForDeploymentPostprocessing = 0;
		};
/* End PBXFrameworksBuildPhase section */

/* Begin PBXGroup section */
		640603B722DE942C00C24301 /* Subclasses */ = {
			isa = PBXGroup;
			children = (
				7794307E22DE7E2A00D9FDDA /* House.h */,
				7794307F22DE7E2A00D9FDDA /* House.m */,
				640603B822DE94BB00C24301 /* User.h */,
				640603B922DE94BB00C24301 /* User.m */,
				64293FFE22E26F7F00961F29 /* Request.h */,
				64293FFF22E26F7F00961F29 /* Request.m */,
				85729DBC22E62A59009AD717 /* CustomTextField.h */,
				85729DBD22E62A59009AD717 /* CustomTextField.m */,
				85729DBF22E62ED5009AD717 /* CustomButton.h */,
				85729DC022E62ED5009AD717 /* CustomButton.m */,
				85729DC222E652A7009AD717 /* CustomLabel.h */,
				85729DC322E652A7009AD717 /* CustomLabel.m */,
				85CB80A022EA20340070AC4E /* Persona.h */,
				85CB809E22EA20000070AC4E /* Persona.m */,
				85729DC822E76EFA009AD717 /* Reminder.h */,
				85729DC922E76EFA009AD717 /* Reminder.m */,
			);
			path = Subclasses;
			sourceTree = "<group>";
		};
		64293FFC22E2615E00961F29 /* Setup */ = {
			isa = PBXGroup;
			children = (
				85E7A17622DE3B24006C1F38 /* RegisterViewController.h */,
				85E7A17722DE3B24006C1F38 /* RegisterViewController.m */,
				85E7A17922DE8060006C1F38 /* SettingsViewController.h */,
				85E7A17A22DE8060006C1F38 /* SettingsViewController.m */,
				85E7A17F22DF9217006C1F38 /* LogInViewController.h */,
				85E7A18022DF9217006C1F38 /* LogInViewController.m */,
				85E7A18222DF9DA1006C1F38 /* LocationViewController.h */,
				85E7A18322DF9DA1006C1F38 /* LocationViewController.m */,
				85E7A18822DFD3F2006C1F38 /* PreferencesViewController.h */,
				85E7A18922DFD3F2006C1F38 /* PreferencesViewController.m */,
				6497FFAD22E28B5D002D1996 /* RulesViewController.h */,
				6497FFAE22E28B5D002D1996 /* RulesViewController.m */,
			);
			path = Setup;
			sourceTree = "<group>";
		};
		64293FFD22E2618700961F29 /* HomeScreens */ = {
			isa = PBXGroup;
			children = (
				85E7A14122DD214D006C1F38 /* TimelineViewController.h */,
				85E7A14222DD214D006C1F38 /* TimelineViewController.m */,
				640603BB22E1146500C24301 /* DetailsViewController.h */,
				640603BC22E1146500C24301 /* DetailsViewController.m */,
				6429400122E277D600961F29 /* RequestsViewController.h */,
				6429400222E277D600961F29 /* RequestsViewController.m */,
				6497FFB122E61EFA002D1996 /* SentRequestsViewController.h */,
				6497FFB222E61EFA002D1996 /* SentRequestsViewController.m */,
				7705B04822EA4FB600F59BCF /* ModifyHouseViewController.h */,
				7705B04922EA4FB600F59BCF /* ModifyHouseViewController.m */,
				7705B04B22EA592500F59BCF /* AddHousemateViewController.h */,
				7705B04C22EA592500F59BCF /* AddHousemateViewController.m */,
			);
			path = HomeScreens;
			sourceTree = "<group>";
		};
		645088BC22EA783900319C93 /* LeftViewController */ = {
			isa = PBXGroup;
			children = (
				645088BD22EA788400319C93 /* LeftViewController.h */,
				645088BE22EA788400319C93 /* LeftViewController.m */,
				645088C122EA7B2800319C93 /* LeftViewCell.h */,
				645088C222EA7B2800319C93 /* LeftViewCell.m */,
			);
			path = LeftViewController;
			sourceTree = "<group>";
		};
		645088C422EA823D00319C93 /* MainViewController */ = {
			isa = PBXGroup;
			children = (
				645088C522EA827300319C93 /* MainViewController.h */,
				645088C622EA827300319C93 /* MainViewController.m */,
			);
			path = MainViewController;
			sourceTree = "<group>";
		};
		645088D322EBA23F00319C93 /* PostSearch */ = {
			isa = PBXGroup;
			children = (
				645088D422EBA25C00319C93 /* ViewControllers */,
				645088D522EBA26800319C93 /* Cells */,
				645088C822EB987000319C93 /* PostSearch.storyboard */,
			);
			path = PostSearch;
			sourceTree = "<group>";
		};
		645088D422EBA25C00319C93 /* ViewControllers */ = {
			isa = PBXGroup;
			children = (
				645088D922EBA2BB00319C93 /* CalendarViewController.h */,
				645088DA22EBA2BB00319C93 /* CalendarViewController.m */,
			);
			path = ViewControllers;
			sourceTree = "<group>";
		};
		645088D522EBA26800319C93 /* Cells */ = {
			isa = PBXGroup;
			children = (
				645088D622EBA29F00319C93 /* CalendarCell.h */,
				645088D722EBA29F00319C93 /* CalendarCell.m */,
			);
			path = Cells;
			sourceTree = "<group>";
		};
		6497FFB022E2AFA0002D1996 /* AppDelegate */ = {
			isa = PBXGroup;
			children = (
				85E7A13E22DD214D006C1F38 /* AppDelegate.h */,
				85E7A13F22DD214D006C1F38 /* AppDelegate.m */,
			);
			path = AppDelegate;
			sourceTree = "<group>";
		};
		64BBF3CE22DE400E00FCCABD /* ViewControllers */ = {
			isa = PBXGroup;
			children = (
				85CB80A222EA4DE90070AC4E /* FeatureScreens */,
				645088C422EA823D00319C93 /* MainViewController */,
				645088BC22EA783900319C93 /* LeftViewController */,
				64293FFC22E2615E00961F29 /* Setup */,
				64293FFD22E2618700961F29 /* HomeScreens */,
			);
			path = ViewControllers;
			sourceTree = "<group>";
		};
		64BBF3CF22DE401900FCCABD /* Cells */ = {
			isa = PBXGroup;
			children = (
				7794308122DE8F1A00D9FDDA /* RuleCell.h */,
				7794308222DE8F1A00D9FDDA /* RuleCell.m */,
				64BBF3D022DE406100FCCABD /* RoommateCell.h */,
				64BBF3D122DE406100FCCABD /* RoommateCell.m */,
				85E7A18E22DFDDF1006C1F38 /* PreferenceCell.h */,
				85E7A18F22DFDDF1006C1F38 /* PreferenceCell.m */,
				6429400422E2781200961F29 /* RequestCell.h */,
				6429400522E2781200961F29 /* RequestCell.m */,
				6497FFB422E61F17002D1996 /* SentRequestsCell.h */,
				6497FFB522E61F17002D1996 /* SentRequestsCell.m */,
				85729DB622E141B7009AD717 /* LocationCell.h */,
				85729DB722E141B7009AD717 /* LocationCell.m */,
				774B123022E62954000764BD /* PlainRoomateCell.h */,
				774B123122E62954000764BD /* PlainRoomateCell.m */,
				85CB80A622EA5AD60070AC4E /* ReminderCell.h */,
				85CB80A722EA5AD60070AC4E /* ReminderCell.m */,
			);
			path = Cells;
			sourceTree = "<group>";
		};
		85CB80A222EA4DE90070AC4E /* FeatureScreens */ = {
			isa = PBXGroup;
			children = (
				85CB80A322EA4E010070AC4E /* ReminderViewController.h */,
				85CB80A422EA4E010070AC4E /* ReminderViewController.m */,
				85CB80A922EA80CC0070AC4E /* ComposeReminderViewController.h */,
				85CB80AA22EA80CC0070AC4E /* ComposeReminderViewController.m */,
			);
			path = FeatureScreens;
			sourceTree = "<group>";
		};
		85E7A13222DD214C006C1F38 = {
			isa = PBXGroup;
			children = (
				85E7A13D22DD214D006C1F38 /* fbu-app */,
				85E7A15622DD214E006C1F38 /* fbu-appTests */,
				85E7A16122DD214E006C1F38 /* fbu-appUITests */,
				85E7A13C22DD214D006C1F38 /* Products */,
				FF8C173761C593207C234818 /* Pods */,
				C5C72AEF3C73C48D0CBC31C9 /* Frameworks */,
			);
			sourceTree = "<group>";
		};
		85E7A13C22DD214D006C1F38 /* Products */ = {
			isa = PBXGroup;
			children = (
				85E7A13B22DD214D006C1F38 /* fbu-app.app */,
				85E7A15322DD214E006C1F38 /* fbu-appTests.xctest */,
				85E7A15E22DD214E006C1F38 /* fbu-appUITests.xctest */,
			);
			name = Products;
			sourceTree = "<group>";
		};
		85E7A13D22DD214D006C1F38 /* fbu-app */ = {
			isa = PBXGroup;
			children = (
				640603B722DE942C00C24301 /* Subclasses */,
				64BBF3CE22DE400E00FCCABD /* ViewControllers */,
				64BBF3CF22DE401900FCCABD /* Cells */,
				6497FFB022E2AFA0002D1996 /* AppDelegate */,
				645088D322EBA23F00319C93 /* PostSearch */,
				85E7A14422DD214D006C1F38 /* Main.storyboard */,
				85E7A14922DD214E006C1F38 /* LaunchScreen.storyboard */,
				85E7A14722DD214E006C1F38 /* Assets.xcassets */,
				85E7A14C22DD214E006C1F38 /* Info.plist */,
				85E7A14D22DD214E006C1F38 /* main.m */,
			);
			path = "fbu-app";
			sourceTree = "<group>";
		};
		85E7A15622DD214E006C1F38 /* fbu-appTests */ = {
			isa = PBXGroup;
			children = (
				85E7A15722DD214E006C1F38 /* fbu_appTests.m */,
				85E7A15922DD214E006C1F38 /* Info.plist */,
			);
			path = "fbu-appTests";
			sourceTree = "<group>";
		};
		85E7A16122DD214E006C1F38 /* fbu-appUITests */ = {
			isa = PBXGroup;
			children = (
				85E7A16222DD214E006C1F38 /* fbu_appUITests.m */,
				85E7A16422DD214E006C1F38 /* Info.plist */,
			);
			path = "fbu-appUITests";
			sourceTree = "<group>";
		};
		C5C72AEF3C73C48D0CBC31C9 /* Frameworks */ = {
			isa = PBXGroup;
			children = (
				FF11A48580BE19DA3BF44E01 /* Pods_fbu_app.framework */,
				F897F31FD7CDA5199E2D8C59 /* Pods_fbu_appTests.framework */,
				9ACABEB17CBA90FA88762331 /* Pods_fbu_appUITests.framework */,
			);
			name = Frameworks;
			sourceTree = "<group>";
		};
		FF8C173761C593207C234818 /* Pods */ = {
			isa = PBXGroup;
			children = (
				7ED3B7321C7E323E198D1E22 /* Pods-fbu-app.debug.xcconfig */,
				4EF909454152FB75BC0B3A70 /* Pods-fbu-app.release.xcconfig */,
				0EE81797B7475BB3DA75125D /* Pods-fbu-appTests.debug.xcconfig */,
				2796DB930A76B5A6DE33E60A /* Pods-fbu-appTests.release.xcconfig */,
				6289A0F149C268B67DEB7B98 /* Pods-fbu-appUITests.debug.xcconfig */,
				100E7376EC9FCC2D38D30A07 /* Pods-fbu-appUITests.release.xcconfig */,
			);
			path = Pods;
			sourceTree = "<group>";
		};
/* End PBXGroup section */

/* Begin PBXNativeTarget section */
		85E7A13A22DD214D006C1F38 /* fbu-app */ = {
			isa = PBXNativeTarget;
			buildConfigurationList = 85E7A16722DD214E006C1F38 /* Build configuration list for PBXNativeTarget "fbu-app" */;
			buildPhases = (
				08D2138BFEFA1E4F7546F53C /* [CP] Check Pods Manifest.lock */,
				85E7A13722DD214D006C1F38 /* Sources */,
				85E7A13822DD214D006C1F38 /* Frameworks */,
				85E7A13922DD214D006C1F38 /* Resources */,
				B117DF263DCDBCB7F693FB34 /* [CP] Embed Pods Frameworks */,
				979D54189139AE7957FCF420 /* [CP] Copy Pods Resources */,
			);
			buildRules = (
			);
			dependencies = (
			);
			name = "fbu-app";
			productName = "fbu-app";
			productReference = 85E7A13B22DD214D006C1F38 /* fbu-app.app */;
			productType = "com.apple.product-type.application";
		};
		85E7A15222DD214E006C1F38 /* fbu-appTests */ = {
			isa = PBXNativeTarget;
			buildConfigurationList = 85E7A16A22DD214E006C1F38 /* Build configuration list for PBXNativeTarget "fbu-appTests" */;
			buildPhases = (
				D50461CFDFCB5DE6BBDE53F1 /* [CP] Check Pods Manifest.lock */,
				85E7A14F22DD214E006C1F38 /* Sources */,
				85E7A15022DD214E006C1F38 /* Frameworks */,
				85E7A15122DD214E006C1F38 /* Resources */,
			);
			buildRules = (
			);
			dependencies = (
				85E7A15522DD214E006C1F38 /* PBXTargetDependency */,
			);
			name = "fbu-appTests";
			productName = "fbu-appTests";
			productReference = 85E7A15322DD214E006C1F38 /* fbu-appTests.xctest */;
			productType = "com.apple.product-type.bundle.unit-test";
		};
		85E7A15D22DD214E006C1F38 /* fbu-appUITests */ = {
			isa = PBXNativeTarget;
			buildConfigurationList = 85E7A16D22DD214E006C1F38 /* Build configuration list for PBXNativeTarget "fbu-appUITests" */;
			buildPhases = (
				3EFFF5DB4959859813CB055A /* [CP] Check Pods Manifest.lock */,
				85E7A15A22DD214E006C1F38 /* Sources */,
				85E7A15B22DD214E006C1F38 /* Frameworks */,
				85E7A15C22DD214E006C1F38 /* Resources */,
			);
			buildRules = (
			);
			dependencies = (
				85E7A16022DD214E006C1F38 /* PBXTargetDependency */,
			);
			name = "fbu-appUITests";
			productName = "fbu-appUITests";
			productReference = 85E7A15E22DD214E006C1F38 /* fbu-appUITests.xctest */;
			productType = "com.apple.product-type.bundle.ui-testing";
		};
/* End PBXNativeTarget section */

/* Begin PBXProject section */
		85E7A13322DD214C006C1F38 /* Project object */ = {
			isa = PBXProject;
			attributes = {
				LastUpgradeCheck = 1020;
				ORGANIZATIONNAME = lucjia;
				TargetAttributes = {
					85E7A13A22DD214D006C1F38 = {
						CreatedOnToolsVersion = 10.2.1;
					};
					85E7A15222DD214E006C1F38 = {
						CreatedOnToolsVersion = 10.2.1;
						TestTargetID = 85E7A13A22DD214D006C1F38;
					};
					85E7A15D22DD214E006C1F38 = {
						CreatedOnToolsVersion = 10.2.1;
						TestTargetID = 85E7A13A22DD214D006C1F38;
					};
				};
			};
			buildConfigurationList = 85E7A13622DD214C006C1F38 /* Build configuration list for PBXProject "fbu-app" */;
			compatibilityVersion = "Xcode 9.3";
			developmentRegion = en;
			hasScannedForEncodings = 0;
			knownRegions = (
				en,
				Base,
			);
			mainGroup = 85E7A13222DD214C006C1F38;
			productRefGroup = 85E7A13C22DD214D006C1F38 /* Products */;
			projectDirPath = "";
			projectRoot = "";
			targets = (
				85E7A13A22DD214D006C1F38 /* fbu-app */,
				85E7A15222DD214E006C1F38 /* fbu-appTests */,
				85E7A15D22DD214E006C1F38 /* fbu-appUITests */,
			);
		};
/* End PBXProject section */

/* Begin PBXResourcesBuildPhase section */
		85E7A13922DD214D006C1F38 /* Resources */ = {
			isa = PBXResourcesBuildPhase;
			buildActionMask = 2147483647;
			files = (
				645088C922EB987000319C93 /* PostSearch.storyboard in Resources */,
				85E7A14B22DD214E006C1F38 /* LaunchScreen.storyboard in Resources */,
				85E7A14822DD214E006C1F38 /* Assets.xcassets in Resources */,
				85E7A14622DD214D006C1F38 /* Main.storyboard in Resources */,
			);
			runOnlyForDeploymentPostprocessing = 0;
		};
		85E7A15122DD214E006C1F38 /* Resources */ = {
			isa = PBXResourcesBuildPhase;
			buildActionMask = 2147483647;
			files = (
			);
			runOnlyForDeploymentPostprocessing = 0;
		};
		85E7A15C22DD214E006C1F38 /* Resources */ = {
			isa = PBXResourcesBuildPhase;
			buildActionMask = 2147483647;
			files = (
			);
			runOnlyForDeploymentPostprocessing = 0;
		};
/* End PBXResourcesBuildPhase section */

/* Begin PBXShellScriptBuildPhase section */
		08D2138BFEFA1E4F7546F53C /* [CP] Check Pods Manifest.lock */ = {
			isa = PBXShellScriptBuildPhase;
			buildActionMask = 2147483647;
			files = (
			);
			inputFileListPaths = (
			);
			inputPaths = (
				"${PODS_PODFILE_DIR_PATH}/Podfile.lock",
				"${PODS_ROOT}/Manifest.lock",
			);
			name = "[CP] Check Pods Manifest.lock";
			outputFileListPaths = (
			);
			outputPaths = (
				"$(DERIVED_FILE_DIR)/Pods-fbu-app-checkManifestLockResult.txt",
			);
			runOnlyForDeploymentPostprocessing = 0;
			shellPath = /bin/sh;
			shellScript = "diff \"${PODS_PODFILE_DIR_PATH}/Podfile.lock\" \"${PODS_ROOT}/Manifest.lock\" > /dev/null\nif [ $? != 0 ] ; then\n    # print error to STDERR\n    echo \"error: The sandbox is not in sync with the Podfile.lock. Run 'pod install' or update your CocoaPods installation.\" >&2\n    exit 1\nfi\n# This output is used by Xcode 'outputs' to avoid re-running this script phase.\necho \"SUCCESS\" > \"${SCRIPT_OUTPUT_FILE_0}\"\n";
			showEnvVarsInLog = 0;
		};
		3EFFF5DB4959859813CB055A /* [CP] Check Pods Manifest.lock */ = {
			isa = PBXShellScriptBuildPhase;
			buildActionMask = 2147483647;
			files = (
			);
			inputFileListPaths = (
			);
			inputPaths = (
				"${PODS_PODFILE_DIR_PATH}/Podfile.lock",
				"${PODS_ROOT}/Manifest.lock",
			);
			name = "[CP] Check Pods Manifest.lock";
			outputFileListPaths = (
			);
			outputPaths = (
				"$(DERIVED_FILE_DIR)/Pods-fbu-appUITests-checkManifestLockResult.txt",
			);
			runOnlyForDeploymentPostprocessing = 0;
			shellPath = /bin/sh;
			shellScript = "diff \"${PODS_PODFILE_DIR_PATH}/Podfile.lock\" \"${PODS_ROOT}/Manifest.lock\" > /dev/null\nif [ $? != 0 ] ; then\n    # print error to STDERR\n    echo \"error: The sandbox is not in sync with the Podfile.lock. Run 'pod install' or update your CocoaPods installation.\" >&2\n    exit 1\nfi\n# This output is used by Xcode 'outputs' to avoid re-running this script phase.\necho \"SUCCESS\" > \"${SCRIPT_OUTPUT_FILE_0}\"\n";
			showEnvVarsInLog = 0;
		};
		979D54189139AE7957FCF420 /* [CP] Copy Pods Resources */ = {
			isa = PBXShellScriptBuildPhase;
			buildActionMask = 2147483647;
			files = (
			);
			inputFileListPaths = (
				"${PODS_ROOT}/Target Support Files/Pods-fbu-app/Pods-fbu-app-resources-${CONFIGURATION}-input-files.xcfilelist",
			);
			name = "[CP] Copy Pods Resources";
			outputFileListPaths = (
				"${PODS_ROOT}/Target Support Files/Pods-fbu-app/Pods-fbu-app-resources-${CONFIGURATION}-output-files.xcfilelist",
			);
			runOnlyForDeploymentPostprocessing = 0;
			shellPath = /bin/sh;
			shellScript = "\"${PODS_ROOT}/Target Support Files/Pods-fbu-app/Pods-fbu-app-resources.sh\"\n";
			showEnvVarsInLog = 0;
		};
		B117DF263DCDBCB7F693FB34 /* [CP] Embed Pods Frameworks */ = {
			isa = PBXShellScriptBuildPhase;
			buildActionMask = 2147483647;
			files = (
			);
			inputFileListPaths = (
				"${PODS_ROOT}/Target Support Files/Pods-fbu-app/Pods-fbu-app-frameworks-${CONFIGURATION}-input-files.xcfilelist",
			);
			name = "[CP] Embed Pods Frameworks";
			outputFileListPaths = (
				"${PODS_ROOT}/Target Support Files/Pods-fbu-app/Pods-fbu-app-frameworks-${CONFIGURATION}-output-files.xcfilelist",
			);
			runOnlyForDeploymentPostprocessing = 0;
			shellPath = /bin/sh;
			shellScript = "\"${PODS_ROOT}/Target Support Files/Pods-fbu-app/Pods-fbu-app-frameworks.sh\"\n";
			showEnvVarsInLog = 0;
		};
		D50461CFDFCB5DE6BBDE53F1 /* [CP] Check Pods Manifest.lock */ = {
			isa = PBXShellScriptBuildPhase;
			buildActionMask = 2147483647;
			files = (
			);
			inputFileListPaths = (
			);
			inputPaths = (
				"${PODS_PODFILE_DIR_PATH}/Podfile.lock",
				"${PODS_ROOT}/Manifest.lock",
			);
			name = "[CP] Check Pods Manifest.lock";
			outputFileListPaths = (
			);
			outputPaths = (
				"$(DERIVED_FILE_DIR)/Pods-fbu-appTests-checkManifestLockResult.txt",
			);
			runOnlyForDeploymentPostprocessing = 0;
			shellPath = /bin/sh;
			shellScript = "diff \"${PODS_PODFILE_DIR_PATH}/Podfile.lock\" \"${PODS_ROOT}/Manifest.lock\" > /dev/null\nif [ $? != 0 ] ; then\n    # print error to STDERR\n    echo \"error: The sandbox is not in sync with the Podfile.lock. Run 'pod install' or update your CocoaPods installation.\" >&2\n    exit 1\nfi\n# This output is used by Xcode 'outputs' to avoid re-running this script phase.\necho \"SUCCESS\" > \"${SCRIPT_OUTPUT_FILE_0}\"\n";
			showEnvVarsInLog = 0;
		};
/* End PBXShellScriptBuildPhase section */

/* Begin PBXSourcesBuildPhase section */
		85E7A13722DD214D006C1F38 /* Sources */ = {
			isa = PBXSourcesBuildPhase;
			buildActionMask = 2147483647;
			files = (
				85CB809F22EA20000070AC4E /* Persona.m in Sources */,
				85729DC422E652A7009AD717 /* CustomLabel.m in Sources */,
				85E7A18122DF9217006C1F38 /* LogInViewController.m in Sources */,
				85E7A18422DF9DA1006C1F38 /* LocationViewController.m in Sources */,
				85729DBE22E62A59009AD717 /* CustomTextField.m in Sources */,
				85CB80AB22EA80CC0070AC4E /* ComposeReminderViewController.m in Sources */,
				85729DB822E141B7009AD717 /* LocationCell.m in Sources */,
				85CB80A822EA5AD60070AC4E /* ReminderCell.m in Sources */,
				85729DC122E62ED5009AD717 /* CustomButton.m in Sources */,
				640603BA22DE94BB00C24301 /* User.m in Sources */,
				6497FFB322E61EFA002D1996 /* SentRequestsViewController.m in Sources */,
				7705B04D22EA592500F59BCF /* AddHousemateViewController.m in Sources */,
				85E7A14322DD214D006C1F38 /* TimelineViewController.m in Sources */,
				6429400322E277D600961F29 /* RequestsViewController.m in Sources */,
				645088C322EA7B2800319C93 /* LeftViewCell.m in Sources */,
				64BBF3D222DE406100FCCABD /* RoommateCell.m in Sources */,
				640603BD22E1146500C24301 /* DetailsViewController.m in Sources */,
				85E7A19022DFDDF1006C1F38 /* PreferenceCell.m in Sources */,
				85E7A14E22DD214E006C1F38 /* main.m in Sources */,
				6497FFB622E61F17002D1996 /* SentRequestsCell.m in Sources */,
				6497FFAF22E28B5D002D1996 /* RulesViewController.m in Sources */,
				85CB80A522EA4E010070AC4E /* ReminderViewController.m in Sources */,
				645088C722EA827300319C93 /* MainViewController.m in Sources */,
				6429400022E26F7F00961F29 /* Request.m in Sources */,
				6429400622E2781200961F29 /* RequestCell.m in Sources */,
				7705B04A22EA4FB600F59BCF /* ModifyHouseViewController.m in Sources */,
				645088DB22EBA2BB00319C93 /* CalendarViewController.m in Sources */,
				774B123222E62954000764BD /* PlainRoomateCell.m in Sources */,
				645088BF22EA788400319C93 /* LeftViewController.m in Sources */,
				7794308022DE7E2A00D9FDDA /* House.m in Sources */,
				85E7A14022DD214D006C1F38 /* AppDelegate.m in Sources */,
				7794308322DE8F1A00D9FDDA /* RuleCell.m in Sources */,
				85E7A17B22DE8060006C1F38 /* SettingsViewController.m in Sources */,
				85E7A18A22DFD3F2006C1F38 /* PreferencesViewController.m in Sources */,
				85E7A14022DD214D006C1F38 /* AppDelegate.m in Sources */,
				645088D822EBA29F00319C93 /* CalendarCell.m in Sources */,
				85729DCA22E76EFA009AD717 /* Reminder.m in Sources */,
				85E7A17822DE3B24006C1F38 /* RegisterViewController.m in Sources */,
			);
			runOnlyForDeploymentPostprocessing = 0;
		};
		85E7A14F22DD214E006C1F38 /* Sources */ = {
			isa = PBXSourcesBuildPhase;
			buildActionMask = 2147483647;
			files = (
				85E7A15822DD214E006C1F38 /* fbu_appTests.m in Sources */,
			);
			runOnlyForDeploymentPostprocessing = 0;
		};
		85E7A15A22DD214E006C1F38 /* Sources */ = {
			isa = PBXSourcesBuildPhase;
			buildActionMask = 2147483647;
			files = (
				85E7A16322DD214E006C1F38 /* fbu_appUITests.m in Sources */,
			);
			runOnlyForDeploymentPostprocessing = 0;
		};
/* End PBXSourcesBuildPhase section */

/* Begin PBXTargetDependency section */
		85E7A15522DD214E006C1F38 /* PBXTargetDependency */ = {
			isa = PBXTargetDependency;
			target = 85E7A13A22DD214D006C1F38 /* fbu-app */;
			targetProxy = 85E7A15422DD214E006C1F38 /* PBXContainerItemProxy */;
		};
		85E7A16022DD214E006C1F38 /* PBXTargetDependency */ = {
			isa = PBXTargetDependency;
			target = 85E7A13A22DD214D006C1F38 /* fbu-app */;
			targetProxy = 85E7A15F22DD214E006C1F38 /* PBXContainerItemProxy */;
		};
/* End PBXTargetDependency section */

/* Begin PBXVariantGroup section */
		85E7A14422DD214D006C1F38 /* Main.storyboard */ = {
			isa = PBXVariantGroup;
			children = (
				85E7A14522DD214D006C1F38 /* Base */,
			);
			name = Main.storyboard;
			sourceTree = "<group>";
		};
		85E7A14922DD214E006C1F38 /* LaunchScreen.storyboard */ = {
			isa = PBXVariantGroup;
			children = (
				85E7A14A22DD214E006C1F38 /* Base */,
			);
			name = LaunchScreen.storyboard;
			sourceTree = "<group>";
		};
/* End PBXVariantGroup section */

/* Begin XCBuildConfiguration section */
		85E7A16522DD214E006C1F38 /* Debug */ = {
			isa = XCBuildConfiguration;
			buildSettings = {
				ALWAYS_SEARCH_USER_PATHS = NO;
				CLANG_ANALYZER_NONNULL = YES;
				CLANG_ANALYZER_NUMBER_OBJECT_CONVERSION = YES_AGGRESSIVE;
				CLANG_CXX_LANGUAGE_STANDARD = "gnu++14";
				CLANG_CXX_LIBRARY = "libc++";
				CLANG_ENABLE_MODULES = YES;
				CLANG_ENABLE_OBJC_ARC = YES;
				CLANG_ENABLE_OBJC_WEAK = YES;
				CLANG_WARN_BLOCK_CAPTURE_AUTORELEASING = YES;
				CLANG_WARN_BOOL_CONVERSION = YES;
				CLANG_WARN_COMMA = YES;
				CLANG_WARN_CONSTANT_CONVERSION = YES;
				CLANG_WARN_DEPRECATED_OBJC_IMPLEMENTATIONS = YES;
				CLANG_WARN_DIRECT_OBJC_ISA_USAGE = YES_ERROR;
				CLANG_WARN_DOCUMENTATION_COMMENTS = YES;
				CLANG_WARN_EMPTY_BODY = YES;
				CLANG_WARN_ENUM_CONVERSION = YES;
				CLANG_WARN_INFINITE_RECURSION = YES;
				CLANG_WARN_INT_CONVERSION = YES;
				CLANG_WARN_NON_LITERAL_NULL_CONVERSION = YES;
				CLANG_WARN_OBJC_IMPLICIT_RETAIN_SELF = YES;
				CLANG_WARN_OBJC_LITERAL_CONVERSION = YES;
				CLANG_WARN_OBJC_ROOT_CLASS = YES_ERROR;
				CLANG_WARN_RANGE_LOOP_ANALYSIS = YES;
				CLANG_WARN_STRICT_PROTOTYPES = YES;
				CLANG_WARN_SUSPICIOUS_MOVE = YES;
				CLANG_WARN_UNGUARDED_AVAILABILITY = YES_AGGRESSIVE;
				CLANG_WARN_UNREACHABLE_CODE = YES;
				CLANG_WARN__DUPLICATE_METHOD_MATCH = YES;
				CODE_SIGN_IDENTITY = "iPhone Developer";
				COPY_PHASE_STRIP = NO;
				DEBUG_INFORMATION_FORMAT = dwarf;
				ENABLE_STRICT_OBJC_MSGSEND = YES;
				ENABLE_TESTABILITY = YES;
				GCC_C_LANGUAGE_STANDARD = gnu11;
				GCC_DYNAMIC_NO_PIC = NO;
				GCC_NO_COMMON_BLOCKS = YES;
				GCC_OPTIMIZATION_LEVEL = 0;
				GCC_PREPROCESSOR_DEFINITIONS = (
					"DEBUG=1",
					"$(inherited)",
				);
				GCC_WARN_64_TO_32_BIT_CONVERSION = YES;
				GCC_WARN_ABOUT_RETURN_TYPE = YES_ERROR;
				GCC_WARN_UNDECLARED_SELECTOR = YES;
				GCC_WARN_UNINITIALIZED_AUTOS = YES_AGGRESSIVE;
				GCC_WARN_UNUSED_FUNCTION = YES;
				GCC_WARN_UNUSED_VARIABLE = YES;
				IPHONEOS_DEPLOYMENT_TARGET = 12.2;
				MTL_ENABLE_DEBUG_INFO = INCLUDE_SOURCE;
				MTL_FAST_MATH = YES;
				ONLY_ACTIVE_ARCH = YES;
				SDKROOT = iphoneos;
			};
			name = Debug;
		};
		85E7A16622DD214E006C1F38 /* Release */ = {
			isa = XCBuildConfiguration;
			buildSettings = {
				ALWAYS_SEARCH_USER_PATHS = NO;
				CLANG_ANALYZER_NONNULL = YES;
				CLANG_ANALYZER_NUMBER_OBJECT_CONVERSION = YES_AGGRESSIVE;
				CLANG_CXX_LANGUAGE_STANDARD = "gnu++14";
				CLANG_CXX_LIBRARY = "libc++";
				CLANG_ENABLE_MODULES = YES;
				CLANG_ENABLE_OBJC_ARC = YES;
				CLANG_ENABLE_OBJC_WEAK = YES;
				CLANG_WARN_BLOCK_CAPTURE_AUTORELEASING = YES;
				CLANG_WARN_BOOL_CONVERSION = YES;
				CLANG_WARN_COMMA = YES;
				CLANG_WARN_CONSTANT_CONVERSION = YES;
				CLANG_WARN_DEPRECATED_OBJC_IMPLEMENTATIONS = YES;
				CLANG_WARN_DIRECT_OBJC_ISA_USAGE = YES_ERROR;
				CLANG_WARN_DOCUMENTATION_COMMENTS = YES;
				CLANG_WARN_EMPTY_BODY = YES;
				CLANG_WARN_ENUM_CONVERSION = YES;
				CLANG_WARN_INFINITE_RECURSION = YES;
				CLANG_WARN_INT_CONVERSION = YES;
				CLANG_WARN_NON_LITERAL_NULL_CONVERSION = YES;
				CLANG_WARN_OBJC_IMPLICIT_RETAIN_SELF = YES;
				CLANG_WARN_OBJC_LITERAL_CONVERSION = YES;
				CLANG_WARN_OBJC_ROOT_CLASS = YES_ERROR;
				CLANG_WARN_RANGE_LOOP_ANALYSIS = YES;
				CLANG_WARN_STRICT_PROTOTYPES = YES;
				CLANG_WARN_SUSPICIOUS_MOVE = YES;
				CLANG_WARN_UNGUARDED_AVAILABILITY = YES_AGGRESSIVE;
				CLANG_WARN_UNREACHABLE_CODE = YES;
				CLANG_WARN__DUPLICATE_METHOD_MATCH = YES;
				CODE_SIGN_IDENTITY = "iPhone Developer";
				COPY_PHASE_STRIP = NO;
				DEBUG_INFORMATION_FORMAT = "dwarf-with-dsym";
				ENABLE_NS_ASSERTIONS = NO;
				ENABLE_STRICT_OBJC_MSGSEND = YES;
				GCC_C_LANGUAGE_STANDARD = gnu11;
				GCC_NO_COMMON_BLOCKS = YES;
				GCC_WARN_64_TO_32_BIT_CONVERSION = YES;
				GCC_WARN_ABOUT_RETURN_TYPE = YES_ERROR;
				GCC_WARN_UNDECLARED_SELECTOR = YES;
				GCC_WARN_UNINITIALIZED_AUTOS = YES_AGGRESSIVE;
				GCC_WARN_UNUSED_FUNCTION = YES;
				GCC_WARN_UNUSED_VARIABLE = YES;
				IPHONEOS_DEPLOYMENT_TARGET = 12.2;
				MTL_ENABLE_DEBUG_INFO = NO;
				MTL_FAST_MATH = YES;
				SDKROOT = iphoneos;
				VALIDATE_PRODUCT = YES;
			};
			name = Release;
		};
		85E7A16822DD214E006C1F38 /* Debug */ = {
			isa = XCBuildConfiguration;
			baseConfigurationReference = 7ED3B7321C7E323E198D1E22 /* Pods-fbu-app.debug.xcconfig */;
			buildSettings = {
				ASSETCATALOG_COMPILER_APPICON_NAME = AppIcon;
				CODE_SIGN_STYLE = Automatic;
				DEVELOPMENT_TEAM = 7Q9GY43U39;
				INFOPLIST_FILE = "fbu-app/Info.plist";
				LD_RUNPATH_SEARCH_PATHS = (
					"$(inherited)",
					"@executable_path/Frameworks",
				);
				PRODUCT_BUNDLE_IDENTIFIER = "com.jordan.fbu-app";
				PRODUCT_NAME = "$(TARGET_NAME)";
				TARGETED_DEVICE_FAMILY = "1,2";
			};
			name = Debug;
		};
		85E7A16922DD214E006C1F38 /* Release */ = {
			isa = XCBuildConfiguration;
			baseConfigurationReference = 4EF909454152FB75BC0B3A70 /* Pods-fbu-app.release.xcconfig */;
			buildSettings = {
				ASSETCATALOG_COMPILER_APPICON_NAME = AppIcon;
				CODE_SIGN_STYLE = Automatic;
				DEVELOPMENT_TEAM = 7Q9GY43U39;
				INFOPLIST_FILE = "fbu-app/Info.plist";
				LD_RUNPATH_SEARCH_PATHS = (
					"$(inherited)",
					"@executable_path/Frameworks",
				);
				PRODUCT_BUNDLE_IDENTIFIER = "com.jordan.fbu-app";
				PRODUCT_NAME = "$(TARGET_NAME)";
				TARGETED_DEVICE_FAMILY = "1,2";
			};
			name = Release;
		};
		85E7A16B22DD214E006C1F38 /* Debug */ = {
			isa = XCBuildConfiguration;
			baseConfigurationReference = 0EE81797B7475BB3DA75125D /* Pods-fbu-appTests.debug.xcconfig */;
			buildSettings = {
				BUNDLE_LOADER = "$(TEST_HOST)";
				CODE_SIGN_STYLE = Automatic;
				DEVELOPMENT_TEAM = AYSD95MPFJ;
				INFOPLIST_FILE = "fbu-appTests/Info.plist";
				LD_RUNPATH_SEARCH_PATHS = (
					"$(inherited)",
					"@executable_path/Frameworks",
					"@loader_path/Frameworks",
				);
				PRODUCT_BUNDLE_IDENTIFIER = "com.lucjia.fbu-appTests";
				PRODUCT_NAME = "$(TARGET_NAME)";
				TARGETED_DEVICE_FAMILY = "1,2";
				TEST_HOST = "$(BUILT_PRODUCTS_DIR)/fbu-app.app/fbu-app";
			};
			name = Debug;
		};
		85E7A16C22DD214E006C1F38 /* Release */ = {
			isa = XCBuildConfiguration;
			baseConfigurationReference = 2796DB930A76B5A6DE33E60A /* Pods-fbu-appTests.release.xcconfig */;
			buildSettings = {
				BUNDLE_LOADER = "$(TEST_HOST)";
				CODE_SIGN_STYLE = Automatic;
				DEVELOPMENT_TEAM = AYSD95MPFJ;
				INFOPLIST_FILE = "fbu-appTests/Info.plist";
				LD_RUNPATH_SEARCH_PATHS = (
					"$(inherited)",
					"@executable_path/Frameworks",
					"@loader_path/Frameworks",
				);
				PRODUCT_BUNDLE_IDENTIFIER = "com.lucjia.fbu-appTests";
				PRODUCT_NAME = "$(TARGET_NAME)";
				TARGETED_DEVICE_FAMILY = "1,2";
				TEST_HOST = "$(BUILT_PRODUCTS_DIR)/fbu-app.app/fbu-app";
			};
			name = Release;
		};
		85E7A16E22DD214E006C1F38 /* Debug */ = {
			isa = XCBuildConfiguration;
			baseConfigurationReference = 6289A0F149C268B67DEB7B98 /* Pods-fbu-appUITests.debug.xcconfig */;
			buildSettings = {
				CODE_SIGN_STYLE = Automatic;
				DEVELOPMENT_TEAM = AYSD95MPFJ;
				INFOPLIST_FILE = "fbu-appUITests/Info.plist";
				LD_RUNPATH_SEARCH_PATHS = (
					"$(inherited)",
					"@executable_path/Frameworks",
					"@loader_path/Frameworks",
				);
				PRODUCT_BUNDLE_IDENTIFIER = "com.lucjia.fbu-appUITests";
				PRODUCT_NAME = "$(TARGET_NAME)";
				TARGETED_DEVICE_FAMILY = "1,2";
				TEST_TARGET_NAME = "fbu-app";
			};
			name = Debug;
		};
		85E7A16F22DD214E006C1F38 /* Release */ = {
			isa = XCBuildConfiguration;
			baseConfigurationReference = 100E7376EC9FCC2D38D30A07 /* Pods-fbu-appUITests.release.xcconfig */;
			buildSettings = {
				CODE_SIGN_STYLE = Automatic;
				DEVELOPMENT_TEAM = AYSD95MPFJ;
				INFOPLIST_FILE = "fbu-appUITests/Info.plist";
				LD_RUNPATH_SEARCH_PATHS = (
					"$(inherited)",
					"@executable_path/Frameworks",
					"@loader_path/Frameworks",
				);
				PRODUCT_BUNDLE_IDENTIFIER = "com.lucjia.fbu-appUITests";
				PRODUCT_NAME = "$(TARGET_NAME)";
				TARGETED_DEVICE_FAMILY = "1,2";
				TEST_TARGET_NAME = "fbu-app";
			};
			name = Release;
		};
/* End XCBuildConfiguration section */

/* Begin XCConfigurationList section */
		85E7A13622DD214C006C1F38 /* Build configuration list for PBXProject "fbu-app" */ = {
			isa = XCConfigurationList;
			buildConfigurations = (
				85E7A16522DD214E006C1F38 /* Debug */,
				85E7A16622DD214E006C1F38 /* Release */,
			);
			defaultConfigurationIsVisible = 0;
			defaultConfigurationName = Release;
		};
		85E7A16722DD214E006C1F38 /* Build configuration list for PBXNativeTarget "fbu-app" */ = {
			isa = XCConfigurationList;
			buildConfigurations = (
				85E7A16822DD214E006C1F38 /* Debug */,
				85E7A16922DD214E006C1F38 /* Release */,
			);
			defaultConfigurationIsVisible = 0;
			defaultConfigurationName = Release;
		};
		85E7A16A22DD214E006C1F38 /* Build configuration list for PBXNativeTarget "fbu-appTests" */ = {
			isa = XCConfigurationList;
			buildConfigurations = (
				85E7A16B22DD214E006C1F38 /* Debug */,
				85E7A16C22DD214E006C1F38 /* Release */,
			);
			defaultConfigurationIsVisible = 0;
			defaultConfigurationName = Release;
		};
		85E7A16D22DD214E006C1F38 /* Build configuration list for PBXNativeTarget "fbu-appUITests" */ = {
			isa = XCConfigurationList;
			buildConfigurations = (
				85E7A16E22DD214E006C1F38 /* Debug */,
				85E7A16F22DD214E006C1F38 /* Release */,
			);
			defaultConfigurationIsVisible = 0;
			defaultConfigurationName = Release;
		};
/* End XCConfigurationList section */
	};
	rootObject = 85E7A13322DD214C006C1F38 /* Project object */;
}
